{
  "name": "tinder",
  "lockfileVersion": 3,
  "requires": true,
  "packages": {
    "": {
      "dependencies": {
        "@toon-format/toon": "^2.0.1"
      }
    },
    "node_modules/@toon-format/toon": {
      "version": "2.0.1",
      "resolved": "https://registry.npmjs.org/@toon-format/toon/-/toon-2.0.1.tgz",
      "integrity": "sha512-0oohzByDG/VTvsPT7iCfUdoB6yndopkPulh9Kk76fhV6YReVSGqr6ni5EMSxn3umNyfwylI0nOjLYtjJTIiT0w==",
      "license": "MIT"
    }
  }
}
